
Microsoft Visual Studio Solution File, Format Version 12.00
# Visual Studio 15
VisualStudioVersion = 15.0.26730.16
MinimumVisualStudioVersion = 10.0.40219.1
Project("{FAE04EC0-301F-11D3-BF4B-00C04F79EFBC}") = "DegiskenTurleri", "DegiskenTurleri\DegiskenTurleri.csproj", "{024BC440-67A5-4B90-97DE-A4ECA7023E1E}"
EndProject
Global
	GlobalSection(SolutionConfigurationPlatforms) = preSolution
		Debug|Any CPU = Debug|Any CPU
		Release|Any CPU = Release|Any CPU
	EndGlobalSection
	GlobalSection(ProjectConfigurationPlatforms) = postSolution
		{024BC440-67A5-4B90-97DE-A4ECA7023E1E}.Debug|Any CPU.ActiveCfg = Debug|Any CPU
		{024BC440-67A5-4B90-97DE-A4ECA7023E1E}.Debug|Any CPU.Build.0 = Debug|Any CPU
		{024BC440-67A5-4B90-97DE-A4ECA7023E1E}.Release|Any CPU.ActiveCfg = Release|Any CPU
		{024BC440-67A5-4B90-97DE-A4ECA7023E1E}.Release|Any CPU.Build.0 = Release|Any CPU
	EndGlobalSection
	GlobalSection(SolutionProperties) = preSolution
		HideSolutionNode = FALSE
	EndGlobalSection
	GlobalSection(ExtensibilityGlobals) = postSolution
		SolutionGuid = {40374716-019A-492C-9119-B6377A107A5C}
	EndGlobalSection
EndGlobal
